
Microsoft Visual Studio Solution File, Format Version 12.00
# Visual Studio 14
VisualStudioVersion = 14.0.24720.0
MinimumVisualStudioVersion = 10.0.40219.1
Project("{FAE04EC0-301F-11D3-BF4B-00C04F79EFBC}") = "Variance", "Variance\Variance.csproj", "{D628F403-88BA-4518-BB28-4D208EAABBDE}"
EndProject
Project("{FAE04EC0-301F-11D3-BF4B-00C04F79EFBC}") = "GotoStatement", "GotoStatement\GotoStatement.csproj", "{26F6158F-370A-427C-9B4C-C5055D3BC7D8}"
EndProject
Project("{FAE04EC0-301F-11D3-BF4B-00C04F79EFBC}") = "Recursion", "Recursion\Recursion.csproj", "{73AF7E04-938A-49FC-A93C-DC349C2DB424}"
EndProject
Project("{FAE04EC0-301F-11D3-BF4B-00C04F79EFBC}") = "Exceptions", "Exceptions\Exceptions.csproj", "{70144E14-A4BF-4B51-B872-0C01298CEBF5}"
EndProject
Project("{FAE04EC0-301F-11D3-BF4B-00C04F79EFBC}") = "CallStacks", "CallStacks\CallStacks.csproj", "{0EDBDADB-C2D6-470E-AE79-441E4CC8189A}"
EndProject
Project("{FAE04EC0-301F-11D3-BF4B-00C04F79EFBC}") = "Disposables", "Disposables\Disposables.csproj", "{0B1BBCDC-BAF8-4FAA-85A7-D0D02EEBF5EB}"
EndProject
Project("{FAE04EC0-301F-11D3-BF4B-00C04F79EFBC}") = "Overloads", "Overloads\Overloads.csproj", "{A202DAC6-CA14-4901-817D-BEE0E35F3D51}"
EndProject
Project("{FAE04EC0-301F-11D3-BF4B-00C04F79EFBC}") = "Async", "Async\Async.csproj", "{7E3C8020-2B0A-4E6B-B2FA-31B07A6AD5BE}"
EndProject
Project("{FAE04EC0-301F-11D3-BF4B-00C04F79EFBC}") = "ReferencesAndValues", "ReferencesAndValues\ReferencesAndValues.csproj", "{6828222E-A00F-4750-8933-ED987A375FFE}"
EndProject
Project("{FAE04EC0-301F-11D3-BF4B-00C04F79EFBC}") = "Inference", "Inference\Inference.csproj", "{29276BCA-9D81-4011-89DF-1AEB42950838}"
EndProject
Global
	GlobalSection(SolutionConfigurationPlatforms) = preSolution
		Debug|Any CPU = Debug|Any CPU
		Release|Any CPU = Release|Any CPU
	EndGlobalSection
	GlobalSection(ProjectConfigurationPlatforms) = postSolution
		{D628F403-88BA-4518-BB28-4D208EAABBDE}.Debug|Any CPU.ActiveCfg = Debug|Any CPU
		{D628F403-88BA-4518-BB28-4D208EAABBDE}.Debug|Any CPU.Build.0 = Debug|Any CPU
		{D628F403-88BA-4518-BB28-4D208EAABBDE}.Release|Any CPU.ActiveCfg = Release|Any CPU
		{D628F403-88BA-4518-BB28-4D208EAABBDE}.Release|Any CPU.Build.0 = Release|Any CPU
		{26F6158F-370A-427C-9B4C-C5055D3BC7D8}.Debug|Any CPU.ActiveCfg = Debug|Any CPU
		{26F6158F-370A-427C-9B4C-C5055D3BC7D8}.Debug|Any CPU.Build.0 = Debug|Any CPU
		{26F6158F-370A-427C-9B4C-C5055D3BC7D8}.Release|Any CPU.ActiveCfg = Release|Any CPU
		{26F6158F-370A-427C-9B4C-C5055D3BC7D8}.Release|Any CPU.Build.0 = Release|Any CPU
		{73AF7E04-938A-49FC-A93C-DC349C2DB424}.Debug|Any CPU.ActiveCfg = Debug|Any CPU
		{73AF7E04-938A-49FC-A93C-DC349C2DB424}.Debug|Any CPU.Build.0 = Debug|Any CPU
		{73AF7E04-938A-49FC-A93C-DC349C2DB424}.Release|Any CPU.ActiveCfg = Release|Any CPU
		{73AF7E04-938A-49FC-A93C-DC349C2DB424}.Release|Any CPU.Build.0 = Release|Any CPU
		{70144E14-A4BF-4B51-B872-0C01298CEBF5}.Debug|Any CPU.ActiveCfg = Debug|Any CPU
		{70144E14-A4BF-4B51-B872-0C01298CEBF5}.Debug|Any CPU.Build.0 = Debug|Any CPU
		{70144E14-A4BF-4B51-B872-0C01298CEBF5}.Release|Any CPU.ActiveCfg = Release|Any CPU
		{70144E14-A4BF-4B51-B872-0C01298CEBF5}.Release|Any CPU.Build.0 = Release|Any CPU
		{0EDBDADB-C2D6-470E-AE79-441E4CC8189A}.Debug|Any CPU.ActiveCfg = Debug|Any CPU
		{0EDBDADB-C2D6-470E-AE79-441E4CC8189A}.Debug|Any CPU.Build.0 = Debug|Any CPU
		{0EDBDADB-C2D6-470E-AE79-441E4CC8189A}.Release|Any CPU.ActiveCfg = Release|Any CPU
		{0EDBDADB-C2D6-470E-AE79-441E4CC8189A}.Release|Any CPU.Build.0 = Release|Any CPU
		{0B1BBCDC-BAF8-4FAA-85A7-D0D02EEBF5EB}.Debug|Any CPU.ActiveCfg = Debug|Any CPU
		{0B1BBCDC-BAF8-4FAA-85A7-D0D02EEBF5EB}.Debug|Any CPU.Build.0 = Debug|Any CPU
		{0B1BBCDC-BAF8-4FAA-85A7-D0D02EEBF5EB}.Release|Any CPU.ActiveCfg = Release|Any CPU
		{0B1BBCDC-BAF8-4FAA-85A7-D0D02EEBF5EB}.Release|Any CPU.Build.0 = Release|Any CPU
		{A202DAC6-CA14-4901-817D-BEE0E35F3D51}.Debug|Any CPU.ActiveCfg = Debug|Any CPU
		{A202DAC6-CA14-4901-817D-BEE0E35F3D51}.Debug|Any CPU.Build.0 = Debug|Any CPU
		{A202DAC6-CA14-4901-817D-BEE0E35F3D51}.Release|Any CPU.ActiveCfg = Release|Any CPU
		{A202DAC6-CA14-4901-817D-BEE0E35F3D51}.Release|Any CPU.Build.0 = Release|Any CPU
		{7E3C8020-2B0A-4E6B-B2FA-31B07A6AD5BE}.Debug|Any CPU.ActiveCfg = Debug|Any CPU
		{7E3C8020-2B0A-4E6B-B2FA-31B07A6AD5BE}.Debug|Any CPU.Build.0 = Debug|Any CPU
		{7E3C8020-2B0A-4E6B-B2FA-31B07A6AD5BE}.Release|Any CPU.ActiveCfg = Release|Any CPU
		{7E3C8020-2B0A-4E6B-B2FA-31B07A6AD5BE}.Release|Any CPU.Build.0 = Release|Any CPU
		{6828222E-A00F-4750-8933-ED987A375FFE}.Debug|Any CPU.ActiveCfg = Debug|Any CPU
		{6828222E-A00F-4750-8933-ED987A375FFE}.Debug|Any CPU.Build.0 = Debug|Any CPU
		{6828222E-A00F-4750-8933-ED987A375FFE}.Release|Any CPU.ActiveCfg = Release|Any CPU
		{6828222E-A00F-4750-8933-ED987A375FFE}.Release|Any CPU.Build.0 = Release|Any CPU
		{29276BCA-9D81-4011-89DF-1AEB42950838}.Debug|Any CPU.ActiveCfg = Debug|Any CPU
		{29276BCA-9D81-4011-89DF-1AEB42950838}.Debug|Any CPU.Build.0 = Debug|Any CPU
		{29276BCA-9D81-4011-89DF-1AEB42950838}.Release|Any CPU.ActiveCfg = Release|Any CPU
		{29276BCA-9D81-4011-89DF-1AEB42950838}.Release|Any CPU.Build.0 = Release|Any CPU
	EndGlobalSection
	GlobalSection(SolutionProperties) = preSolution
		HideSolutionNode = FALSE
	EndGlobalSection
EndGlobal
